
Microsoft Visual Studio Solution File, Format Version 12.00
# Visual Studio Version 16
VisualStudioVersion = 16.0.31112.23
MinimumVisualStudioVersion = 10.0.40219.1
Project("{FAE04EC0-301F-11D3-BF4B-00C04F79EFBC}") = "AccountsApp", "AccountsApp.csproj", "{B8E84793-A9CA-4664-8AE6-37F69D4EF736}"
EndProject
Global
	GlobalSection(SolutionConfigurationPlatforms) = preSolution
		Debug|Any CPU = Debug|Any CPU
		Release|Any CPU = Release|Any CPU
	EndGlobalSection
	GlobalSection(ProjectConfigurationPlatforms) = postSolution
		{B8E84793-A9CA-4664-8AE6-37F69D4EF736}.Debug|Any CPU.ActiveCfg = Debug|Any CPU
		{B8E84793-A9CA-4664-8AE6-37F69D4EF736}.Debug|Any CPU.Build.0 = Debug|Any CPU
		{B8E84793-A9CA-4664-8AE6-37F69D4EF736}.Release|Any CPU.ActiveCfg = Release|Any CPU
		{B8E84793-A9CA-4664-8AE6-37F69D4EF736}.Release|Any CPU.Build.0 = Release|Any CPU
	EndGlobalSection
	GlobalSection(SolutionProperties) = preSolution
		HideSolutionNode = FALSE
	EndGlobalSection
	GlobalSection(ExtensibilityGlobals) = postSolution
		SolutionGuid = {D1E33FEA-AB54-417F-AD43-A465AB633374}
	EndGlobalSection
EndGlobal
